schema: '2.0'
stages:
  data_ingestion:
    cmd: python src/data_ingestion.py
    deps:
    - path: src/data_ingestion.py
      hash: md5
      md5: 96cf6fe2a8269ee9fa814118a6b94dbc
      size: 3538
    params:
      params.yaml:
        data_ingestion.test_size: 0.1
    outs:
    - path: data/raw
      hash: md5
      md5: 9097e041a34df9054caed15688df1464.dir
      size: 484846
      nfiles: 2
  data_preprocessing:
    cmd: python src/data_preprocessing.py
    deps:
    - path: data/raw
      hash: md5
      md5: 9097e041a34df9054caed15688df1464.dir
      size: 484846
      nfiles: 2
    - path: src/data_preprocessing.py
      hash: md5
      md5: b1061936d37caa901cc0c31a0a15452d
      size: 4427
    outs:
    - path: data/interim
      hash: md5
      md5: 372e18bfa771372d41b683bc64b32377.dir
      size: 257605
      nfiles: 2
  feature_engineering:
    cmd: python src/feature_engineering.py
    deps:
    - path: data/interim
      hash: md5
      md5: 372e18bfa771372d41b683bc64b32377.dir
      size: 257605
      nfiles: 2
    - path: src/feature_engineering.py
      hash: md5
      md5: 85f43275682ce933fe7a3457ff6dd4b7
      size: 3801
    params:
      params.yaml:
        feature_engineering.max_features: 35
    outs:
    - path: data/processed
      hash: md5
      md5: ad9e0c8b49a746c3c89060fbacba43ec.dir
      size: 829921
      nfiles: 2
  model_building:
    cmd: python src/model_building.py
    deps:
    - path: data/processed
      hash: md5
      md5: ad9e0c8b49a746c3c89060fbacba43ec.dir
      size: 829921
      nfiles: 2
    - path: src/model_building.py
      hash: md5
      md5: 891a0c1a156495c9cc6a72b5bed1296d
      size: 4299
    params:
      params.yaml:
        model_building.n_estimators: 22
        model_building.random_state: 2
    outs:
    - path: models/model.pkl
      hash: md5
      md5: 8f99469296a3ac244610cd8722a125d9
      size: 778396
  model_evaluation:
    cmd: python src/model_evaluation.py
    deps:
    - path: models/model.pkl
      hash: md5
      md5: 8f99469296a3ac244610cd8722a125d9
      size: 778396
    - path: src/model_evaluation.py
      hash: md5
      md5: a43286559454b64c8757a5b66fa1e045
      size: 4641
    outs:
    - path: reports/metrics.json
      hash: md5
      md5: f6ec5c09b7e61505734642b828035255
      size: 131
